// !$*UTF8*$!
{
	archiveVersion = 1;
	classes = {
	};
	objectVersion = 46;
	objects = {

/* Begin PBXBuildFile section */
		2A04C5FC1F5D168200360CC2 /* ExtraInfoViewController.swift in Sources */ = {isa = PBXBuildFile; fileRef = 2A04C5FB1F5D168200360CC2 /* ExtraInfoViewController.swift */; };
		2A4B6EA41F4BD2F700B1CD3B /* AppDelegate.swift in Sources */ = {isa = PBXBuildFile; fileRef = 2A4B6EA31F4BD2F700B1CD3B /* AppDelegate.swift */; };
		2A4B6EA61F4BD2F700B1CD3B /* ViewController.swift in Sources */ = {isa = PBXBuildFile; fileRef = 2A4B6EA51F4BD2F700B1CD3B /* ViewController.swift */; };
		2A4B6EA91F4BD2F700B1CD3B /* Main.storyboard in Resources */ = {isa = PBXBuildFile; fileRef = 2A4B6EA71F4BD2F700B1CD3B /* Main.storyboard */; };
		2A4B6EAC1F4BD2F700B1CD3B /* Gemini.xcdatamodeld in Sources */ = {isa = PBXBuildFile; fileRef = 2A4B6EAA1F4BD2F700B1CD3B /* Gemini.xcdatamodeld */; };
		2A4B6EAE1F4BD2F700B1CD3B /* Assets.xcassets in Resources */ = {isa = PBXBuildFile; fileRef = 2A4B6EAD1F4BD2F700B1CD3B /* Assets.xcassets */; };
		2A4B6EB11F4BD2F700B1CD3B /* LaunchScreen.storyboard in Resources */ = {isa = PBXBuildFile; fileRef = 2A4B6EAF1F4BD2F700B1CD3B /* LaunchScreen.storyboard */; };
		2A5AA77C1F4D36D2009140C0 /* PreauditDetailViewController.swift in Sources */ = {isa = PBXBuildFile; fileRef = 2A5AA77B1F4D36D2009140C0 /* PreauditDetailViewController.swift */; };
		2A5AA7821F4D4F6A009140C0 /* data in Resources */ = {isa = PBXBuildFile; fileRef = 2A5AA7811F4D4F6A009140C0 /* data */; };
		2A5AA7861F4D50BB009140C0 /* CSwiftV-master in Resources */ = {isa = PBXBuildFile; fileRef = 2A5AA7851F4D50BB009140C0 /* CSwiftV-master */; };
		2A5AA78A1F4D60C2009140C0 /* auditheader.swift in Sources */ = {isa = PBXBuildFile; fileRef = 2A5AA7891F4D60C2009140C0 /* auditheader.swift */; };
		2A5AA78C1F4D60C7009140C0 /* roomheader.swift in Sources */ = {isa = PBXBuildFile; fileRef = 2A5AA78B1F4D60C7009140C0 /* roomheader.swift */; };
		2A5AA78F1F4D6256009140C0 /* CSwiftV.swift in Sources */ = {isa = PBXBuildFile; fileRef = 2A5AA78E1F4D6256009140C0 /* CSwiftV.swift */; };
		2A66E7031F5263A400F86CFE /* AuditInfoViewController.swift in Sources */ = {isa = PBXBuildFile; fileRef = 2A66E7021F5263A400F86CFE /* AuditInfoViewController.swift */; };
		2A66E7051F527D9F00F86CFE /* FeatureTableViewController.swift in Sources */ = {isa = PBXBuildFile; fileRef = 2A66E7041F527D9F00F86CFE /* FeatureTableViewController.swift */; };
		2A66E7071F52841B00F86CFE /* ZoneSpecsViewController.swift in Sources */ = {isa = PBXBuildFile; fileRef = 2A66E7061F52841B00F86CFE /* ZoneSpecsViewController.swift */; };
		2A66E7091F52843200F86CFE /* SelectingFeatureViewController.swift in Sources */ = {isa = PBXBuildFile; fileRef = 2A66E7081F52843200F86CFE /* SelectingFeatureViewController.swift */; };
		2A80053E1F5C8EFB009C080D /* BarChartViewController.swift in Sources */ = {isa = PBXBuildFile; fileRef = 2A80053D1F5C8EFB009C080D /* BarChartViewController.swift */; };
		2A8005401F5C95B4009C080D /* Foundation.framework in Frameworks */ = {isa = PBXBuildFile; fileRef = 2A80053F1F5C95B4009C080D /* Foundation.framework */; };
		2A81291B1F4CE01D009BCFB9 /* TableViewController.swift in Sources */ = {isa = PBXBuildFile; fileRef = 2A81291A1F4CE01D009BCFB9 /* TableViewController.swift */; };
		2A833B071F57F0980063FA88 /* Charts.framework in Frameworks */ = {isa = PBXBuildFile; fileRef = 2A833B061F57F0980063FA88 /* Charts.framework */; };
		2A9526641F51D6DD0058B764 /* CSVs in Resources */ = {isa = PBXBuildFile; fileRef = 2A9526631F51D6DD0058B764 /* CSVs */; };
		2A9526681F5206430058B764 /* AuditTableViewController.swift in Sources */ = {isa = PBXBuildFile; fileRef = 2A9526671F5206430058B764 /* AuditTableViewController.swift */; };
		2A95266A1F520EE80058B764 /* AuditDetailViewController.swift in Sources */ = {isa = PBXBuildFile; fileRef = 2A9526691F520EE80058B764 /* AuditDetailViewController.swift */; };
		2AE484511F5BBD64002E6EC7 /* AudioToolbox.framework in Frameworks */ = {isa = PBXBuildFile; fileRef = 2AE484471F5BBD64002E6EC7 /* AudioToolbox.framework */; };
		2AE484521F5BBD64002E6EC7 /* CFNetwork.framework in Frameworks */ = {isa = PBXBuildFile; fileRef = 2AE484481F5BBD64002E6EC7 /* CFNetwork.framework */; };
		2AE484531F5BBD64002E6EC7 /* CoreGraphics.framework in Frameworks */ = {isa = PBXBuildFile; fileRef = 2AE484491F5BBD64002E6EC7 /* CoreGraphics.framework */; };
		2AE484541F5BBD64002E6EC7 /* libsqlite3.tbd in Frameworks */ = {isa = PBXBuildFile; fileRef = 2AE4844A1F5BBD64002E6EC7 /* libsqlite3.tbd */; };
		2AE484551F5BBD64002E6EC7 /* libz.tbd in Frameworks */ = {isa = PBXBuildFile; fileRef = 2AE4844B1F5BBD64002E6EC7 /* libz.tbd */; };
		2AE484561F5BBD64002E6EC7 /* MobileCoreServices.framework in Frameworks */ = {isa = PBXBuildFile; fileRef = 2AE4844C1F5BBD64002E6EC7 /* MobileCoreServices.framework */; };
		2AE484571F5BBD64002E6EC7 /* QuartzCore.framework in Frameworks */ = {isa = PBXBuildFile; fileRef = 2AE4844D1F5BBD64002E6EC7 /* QuartzCore.framework */; };
		2AE484581F5BBD64002E6EC7 /* Security.framework in Frameworks */ = {isa = PBXBuildFile; fileRef = 2AE4844E1F5BBD64002E6EC7 /* Security.framework */; };
		2AE484591F5BBD64002E6EC7 /* StoreKit.framework in Frameworks */ = {isa = PBXBuildFile; fileRef = 2AE4844F1F5BBD64002E6EC7 /* StoreKit.framework */; };
		2AE4845A1F5BBD64002E6EC7 /* SystemConfiguration.framework in Frameworks */ = {isa = PBXBuildFile; fileRef = 2AE484501F5BBD64002E6EC7 /* SystemConfiguration.framework */; };
		2AE4845D1F5BBD91002E6EC7 /* ParseBridgingHeader.m in Sources */ = {isa = PBXBuildFile; fileRef = 2AE4845C1F5BBD91002E6EC7 /* ParseBridgingHeader.m */; };
		650168BA0A65395019F4B276 /* Pods_Gemini.framework in Frameworks */ = {isa = PBXBuildFile; fileRef = 326F96D68821862FD9F6F472 /* Pods_Gemini.framework */; };
		70B0554B1F5D402300CF3F6D /* CoreLocation.framework in Frameworks */ = {isa = PBXBuildFile; fileRef = 70B0554A1F5D402300CF3F6D /* CoreLocation.framework */; };
		70B0554F1F5D40AF00CF3F6D /* Bolts.framework in Frameworks */ = {isa = PBXBuildFile; fileRef = 70B0554D1F5D40AF00CF3F6D /* Bolts.framework */; };
		70B055501F5D40AF00CF3F6D /* Parse.framework in Frameworks */ = {isa = PBXBuildFile; fileRef = 70B0554E1F5D40AF00CF3F6D /* Parse.framework */; };
/* End PBXBuildFile section */

/* Begin PBXFileReference section */
		2A04C5FB1F5D168200360CC2 /* ExtraInfoViewController.swift */ = {isa = PBXFileReference; fileEncoding = 4; lastKnownFileType = sourcecode.swift; path = ExtraInfoViewController.swift; sourceTree = "<group>"; };
		2A4B6EA01F4BD2F700B1CD3B /* Gemini.app */ = {isa = PBXFileReference; explicitFileType = wrapper.application; includeInIndex = 0; path = Gemini.app; sourceTree = BUILT_PRODUCTS_DIR; };
		2A4B6EA31F4BD2F700B1CD3B /* AppDelegate.swift */ = {isa = PBXFileReference; lastKnownFileType = sourcecode.swift; path = AppDelegate.swift; sourceTree = "<group>"; };
		2A4B6EA51F4BD2F700B1CD3B /* ViewController.swift */ = {isa = PBXFileReference; lastKnownFileType = sourcecode.swift; path = ViewController.swift; sourceTree = "<group>"; };
		2A4B6EA81F4BD2F700B1CD3B /* Base */ = {isa = PBXFileReference; lastKnownFileType = file.storyboard; name = Base; path = Base.lproj/Main.storyboard; sourceTree = "<group>"; };
		2A4B6EAB1F4BD2F700B1CD3B /* Gemini.xcdatamodel */ = {isa = PBXFileReference; lastKnownFileType = wrapper.xcdatamodel; path = Gemini.xcdatamodel; sourceTree = "<group>"; };
		2A4B6EAD1F4BD2F700B1CD3B /* Assets.xcassets */ = {isa = PBXFileReference; lastKnownFileType = folder.assetcatalog; path = Assets.xcassets; sourceTree = "<group>"; };
		2A4B6EB01F4BD2F700B1CD3B /* Base */ = {isa = PBXFileReference; lastKnownFileType = file.storyboard; name = Base; path = Base.lproj/LaunchScreen.storyboard; sourceTree = "<group>"; };
		2A4B6EB21F4BD2F700B1CD3B /* Info.plist */ = {isa = PBXFileReference; lastKnownFileType = text.plist.xml; path = Info.plist; sourceTree = "<group>"; };
		2A5AA77B1F4D36D2009140C0 /* PreauditDetailViewController.swift */ = {isa = PBXFileReference; fileEncoding = 4; lastKnownFileType = sourcecode.swift; path = PreauditDetailViewController.swift; sourceTree = "<group>"; };
		2A5AA7811F4D4F6A009140C0 /* data */ = {isa = PBXFileReference; lastKnownFileType = folder; path = data; sourceTree = "<group>"; };
		2A5AA7851F4D50BB009140C0 /* CSwiftV-master */ = {isa = PBXFileReference; lastKnownFileType = folder; path = "CSwiftV-master"; sourceTree = "<group>"; };
		2A5AA7891F4D60C2009140C0 /* auditheader.swift */ = {isa = PBXFileReference; fileEncoding = 4; lastKnownFileType = sourcecode.swift; name = auditheader.swift; path = Sources/auditheader.swift; sourceTree = "<group>"; };
		2A5AA78B1F4D60C7009140C0 /* roomheader.swift */ = {isa = PBXFileReference; fileEncoding = 4; lastKnownFileType = sourcecode.swift; name = roomheader.swift; path = Sources/roomheader.swift; sourceTree = "<group>"; };
		2A5AA78D1F4D6253009140C0 /* CSwiftV.h */ = {isa = PBXFileReference; lastKnownFileType = sourcecode.c.h; name = CSwiftV.h; path = "CSwiftV-master/Sources/CSwiftV.h"; sourceTree = "<group>"; };
		2A5AA78E1F4D6256009140C0 /* CSwiftV.swift */ = {isa = PBXFileReference; fileEncoding = 4; lastKnownFileType = sourcecode.swift; name = CSwiftV.swift; path = "CSwiftV-master/Sources/CSwiftV.swift"; sourceTree = "<group>"; };
		2A66E7021F5263A400F86CFE /* AuditInfoViewController.swift */ = {isa = PBXFileReference; fileEncoding = 4; lastKnownFileType = sourcecode.swift; path = AuditInfoViewController.swift; sourceTree = "<group>"; };
		2A66E7041F527D9F00F86CFE /* FeatureTableViewController.swift */ = {isa = PBXFileReference; fileEncoding = 4; lastKnownFileType = sourcecode.swift; path = FeatureTableViewController.swift; sourceTree = "<group>"; };
		2A66E7061F52841B00F86CFE /* ZoneSpecsViewController.swift */ = {isa = PBXFileReference; fileEncoding = 4; lastKnownFileType = sourcecode.swift; path = ZoneSpecsViewController.swift; sourceTree = "<group>"; };
		2A66E7081F52843200F86CFE /* SelectingFeatureViewController.swift */ = {isa = PBXFileReference; fileEncoding = 4; lastKnownFileType = sourcecode.swift; path = SelectingFeatureViewController.swift; sourceTree = "<group>"; };
		2A80053D1F5C8EFB009C080D /* BarChartViewController.swift */ = {isa = PBXFileReference; fileEncoding = 4; lastKnownFileType = sourcecode.swift; path = BarChartViewController.swift; sourceTree = "<group>"; };
		2A80053F1F5C95B4009C080D /* Foundation.framework */ = {isa = PBXFileReference; lastKnownFileType = wrapper.framework; name = Foundation.framework; path = System/Library/Frameworks/Foundation.framework; sourceTree = SDKROOT; };
		2A81291A1F4CE01D009BCFB9 /* TableViewController.swift */ = {isa = PBXFileReference; fileEncoding = 4; lastKnownFileType = sourcecode.swift; path = TableViewController.swift; sourceTree = "<group>"; };
		2A833B061F57F0980063FA88 /* Charts.framework */ = {isa = PBXFileReference; lastKnownFileType = wrapper.framework; name = Charts.framework; path = "../../../../Library/Developer/Xcode/DerivedData/Gemini-acjmvnxarvtkvodtrcileryvaprq/Build/Products/Debug-iphonesimulator/Charts/Charts.framework"; sourceTree = "<group>"; };
		2A9526631F51D6DD0058B764 /* CSVs */ = {isa = PBXFileReference; lastKnownFileType = folder; path = CSVs; sourceTree = "<group>"; };
		2A9526671F5206430058B764 /* AuditTableViewController.swift */ = {isa = PBXFileReference; fileEncoding = 4; lastKnownFileType = sourcecode.swift; path = AuditTableViewController.swift; sourceTree = "<group>"; };
		2A9526691F520EE80058B764 /* AuditDetailViewController.swift */ = {isa = PBXFileReference; fileEncoding = 4; lastKnownFileType = sourcecode.swift; name = AuditDetailViewController.swift; path = ../AuditDetailViewController.swift; sourceTree = "<group>"; };
		2AE484471F5BBD64002E6EC7 /* AudioToolbox.framework */ = {isa = PBXFileReference; lastKnownFileType = wrapper.framework; name = AudioToolbox.framework; path = System/Library/Frameworks/AudioToolbox.framework; sourceTree = SDKROOT; };
		2AE484481F5BBD64002E6EC7 /* CFNetwork.framework */ = {isa = PBXFileReference; lastKnownFileType = wrapper.framework; name = CFNetwork.framework; path = System/Library/Frameworks/CFNetwork.framework; sourceTree = SDKROOT; };
		2AE484491F5BBD64002E6EC7 /* CoreGraphics.framework */ = {isa = PBXFileReference; lastKnownFileType = wrapper.framework; name = CoreGraphics.framework; path = System/Library/Frameworks/CoreGraphics.framework; sourceTree = SDKROOT; };
		2AE4844A1F5BBD64002E6EC7 /* libsqlite3.tbd */ = {isa = PBXFileReference; lastKnownFileType = "sourcecode.text-based-dylib-definition"; name = libsqlite3.tbd; path = usr/lib/libsqlite3.tbd; sourceTree = SDKROOT; };
		2AE4844B1F5BBD64002E6EC7 /* libz.tbd */ = {isa = PBXFileReference; lastKnownFileType = "sourcecode.text-based-dylib-definition"; name = libz.tbd; path = usr/lib/libz.tbd; sourceTree = SDKROOT; };
		2AE4844C1F5BBD64002E6EC7 /* MobileCoreServices.framework */ = {isa = PBXFileReference; lastKnownFileType = wrapper.framework; name = MobileCoreServices.framework; path = System/Library/Frameworks/MobileCoreServices.framework; sourceTree = SDKROOT; };
		2AE4844D1F5BBD64002E6EC7 /* QuartzCore.framework */ = {isa = PBXFileReference; lastKnownFileType = wrapper.framework; name = QuartzCore.framework; path = System/Library/Frameworks/QuartzCore.framework; sourceTree = SDKROOT; };
		2AE4844E1F5BBD64002E6EC7 /* Security.framework */ = {isa = PBXFileReference; lastKnownFileType = wrapper.framework; name = Security.framework; path = System/Library/Frameworks/Security.framework; sourceTree = SDKROOT; };
		2AE4844F1F5BBD64002E6EC7 /* StoreKit.framework */ = {isa = PBXFileReference; lastKnownFileType = wrapper.framework; name = StoreKit.framework; path = System/Library/Frameworks/StoreKit.framework; sourceTree = SDKROOT; };
		2AE484501F5BBD64002E6EC7 /* SystemConfiguration.framework */ = {isa = PBXFileReference; lastKnownFileType = wrapper.framework; name = SystemConfiguration.framework; path = System/Library/Frameworks/SystemConfiguration.framework; sourceTree = SDKROOT; };
		2AE4845B1F5BBD91002E6EC7 /* Gemini-Bridging-Header.h */ = {isa = PBXFileReference; lastKnownFileType = sourcecode.c.h; path = "Gemini-Bridging-Header.h"; sourceTree = "<group>"; };
		2AE4845C1F5BBD91002E6EC7 /* ParseBridgingHeader.m */ = {isa = PBXFileReference; fileEncoding = 4; lastKnownFileType = sourcecode.c.objc; path = ParseBridgingHeader.m; sourceTree = "<group>"; };
		326F96D68821862FD9F6F472 /* Pods_Gemini.framework */ = {isa = PBXFileReference; explicitFileType = wrapper.framework; includeInIndex = 0; path = Pods_Gemini.framework; sourceTree = BUILT_PRODUCTS_DIR; };
		70B0554A1F5D402300CF3F6D /* CoreLocation.framework */ = {isa = PBXFileReference; lastKnownFileType = wrapper.framework; name = CoreLocation.framework; path = System/Library/Frameworks/CoreLocation.framework; sourceTree = SDKROOT; };
		70B0554D1F5D40AF00CF3F6D /* Bolts.framework */ = {isa = PBXFileReference; lastKnownFileType = wrapper.framework; path = Bolts.framework; sourceTree = "<group>"; };
		70B0554E1F5D40AF00CF3F6D /* Parse.framework */ = {isa = PBXFileReference; lastKnownFileType = wrapper.framework; path = Parse.framework; sourceTree = "<group>"; };
		AD9B1B5C7D9FDB2BE69FBC6E /* Pods-Gemini.release.xcconfig */ = {isa = PBXFileReference; includeInIndex = 1; lastKnownFileType = text.xcconfig; name = "Pods-Gemini.release.xcconfig"; path = "Pods/Target Support Files/Pods-Gemini/Pods-Gemini.release.xcconfig"; sourceTree = "<group>"; };
		C85EA35E6E46F92D2B9BBAC8 /* Pods-Gemini.debug.xcconfig */ = {isa = PBXFileReference; includeInIndex = 1; lastKnownFileType = text.xcconfig; name = "Pods-Gemini.debug.xcconfig"; path = "Pods/Target Support Files/Pods-Gemini/Pods-Gemini.debug.xcconfig"; sourceTree = "<group>"; };
/* End PBXFileReference section */

/* Begin PBXFrameworksBuildPhase section */
		2A4B6E9D1F4BD2F700B1CD3B /* Frameworks */ = {
			isa = PBXFrameworksBuildPhase;
			buildActionMask = 2147483647;
			files = (
				70B0554F1F5D40AF00CF3F6D /* Bolts.framework in Frameworks */,
				70B0554B1F5D402300CF3F6D /* CoreLocation.framework in Frameworks */,
				2A8005401F5C95B4009C080D /* Foundation.framework in Frameworks */,
				2AE484511F5BBD64002E6EC7 /* AudioToolbox.framework in Frameworks */,
				2AE484521F5BBD64002E6EC7 /* CFNetwork.framework in Frameworks */,
				2AE484531F5BBD64002E6EC7 /* CoreGraphics.framework in Frameworks */,
				70B055501F5D40AF00CF3F6D /* Parse.framework in Frameworks */,
				2AE484541F5BBD64002E6EC7 /* libsqlite3.tbd in Frameworks */,
				2AE484551F5BBD64002E6EC7 /* libz.tbd in Frameworks */,
				2AE484561F5BBD64002E6EC7 /* MobileCoreServices.framework in Frameworks */,
				2AE484571F5BBD64002E6EC7 /* QuartzCore.framework in Frameworks */,
				2AE484581F5BBD64002E6EC7 /* Security.framework in Frameworks */,
				2AE484591F5BBD64002E6EC7 /* StoreKit.framework in Frameworks */,
				2AE4845A1F5BBD64002E6EC7 /* SystemConfiguration.framework in Frameworks */,
				2A833B071F57F0980063FA88 /* Charts.framework in Frameworks */,
				650168BA0A65395019F4B276 /* Pods_Gemini.framework in Frameworks */,
			);
			runOnlyForDeploymentPostprocessing = 0;
		};
/* End PBXFrameworksBuildPhase section */

/* Begin PBXGroup section */
		2A4B6E971F4BD2F700B1CD3B = {
			isa = PBXGroup;
			children = (
				2A4B6EA21F4BD2F700B1CD3B /* Gemini */,
				2A4B6EA11F4BD2F700B1CD3B /* Products */,
				9C964B5CD60B713787CF8E5E /* Pods */,
				CA2A0E1A2BDC2D25A7EB70DC /* Frameworks */,
			);
			sourceTree = "<group>";
		};
		2A4B6EA11F4BD2F700B1CD3B /* Products */ = {
			isa = PBXGroup;
			children = (
				2A4B6EA01F4BD2F700B1CD3B /* Gemini.app */,
			);
			name = Products;
			sourceTree = "<group>";
		};
		2A4B6EA21F4BD2F700B1CD3B /* Gemini */ = {
			isa = PBXGroup;
			children = (
				2A4B6EA31F4BD2F700B1CD3B /* AppDelegate.swift */,
				2A5AA77B1F4D36D2009140C0 /* PreauditDetailViewController.swift */,
				2A81291A1F4CE01D009BCFB9 /* TableViewController.swift */,
				2A4B6EA51F4BD2F700B1CD3B /* ViewController.swift */,
				2A4B6EA71F4BD2F700B1CD3B /* Main.storyboard */,
				2A80053D1F5C8EFB009C080D /* BarChartViewController.swift */,
				2A9526671F5206430058B764 /* AuditTableViewController.swift */,
				2A9526691F520EE80058B764 /* AuditDetailViewController.swift */,
				2A66E7041F527D9F00F86CFE /* FeatureTableViewController.swift */,
				2A66E7081F52843200F86CFE /* SelectingFeatureViewController.swift */,
				2A66E7061F52841B00F86CFE /* ZoneSpecsViewController.swift */,
				2A66E7021F5263A400F86CFE /* AuditInfoViewController.swift */,
				2A04C5FB1F5D168200360CC2 /* ExtraInfoViewController.swift */,
				2A5AA7891F4D60C2009140C0 /* auditheader.swift */,
				2A5AA78B1F4D60C7009140C0 /* roomheader.swift */,
				2A5AA78E1F4D6256009140C0 /* CSwiftV.swift */,
				2A5AA78D1F4D6253009140C0 /* CSwiftV.h */,
				2A9526631F51D6DD0058B764 /* CSVs */,
				2A5AA7851F4D50BB009140C0 /* CSwiftV-master */,
				2A5AA7811F4D4F6A009140C0 /* data */,
				2A4B6EAD1F4BD2F700B1CD3B /* Assets.xcassets */,
				2A4B6EAF1F4BD2F700B1CD3B /* LaunchScreen.storyboard */,
				2A4B6EB21F4BD2F700B1CD3B /* Info.plist */,
				2A4B6EAA1F4BD2F700B1CD3B /* Gemini.xcdatamodeld */,
				2AE4845C1F5BBD91002E6EC7 /* ParseBridgingHeader.m */,
				2AE4845B1F5BBD91002E6EC7 /* Gemini-Bridging-Header.h */,
				70B0554C1F5D40AF00CF3F6D /* Parse-macOS */,
			);
			path = Gemini;
			sourceTree = "<group>";
		};
		70B0554C1F5D40AF00CF3F6D /* Parse-macOS */ = {
			isa = PBXGroup;
			children = (
				70B0554D1F5D40AF00CF3F6D /* Bolts.framework */,
				70B0554E1F5D40AF00CF3F6D /* Parse.framework */,
			);
			name = "Parse-macOS";
			path = "../Parse-macOS";
			sourceTree = "<group>";
		};
		9C964B5CD60B713787CF8E5E /* Pods */ = {
			isa = PBXGroup;
			children = (
				C85EA35E6E46F92D2B9BBAC8 /* Pods-Gemini.debug.xcconfig */,
				AD9B1B5C7D9FDB2BE69FBC6E /* Pods-Gemini.release.xcconfig */,
			);
			name = Pods;
			sourceTree = "<group>";
		};
		CA2A0E1A2BDC2D25A7EB70DC /* Frameworks */ = {
			isa = PBXGroup;
			children = (
				70B0554A1F5D402300CF3F6D /* CoreLocation.framework */,
				2A80053F1F5C95B4009C080D /* Foundation.framework */,
				2AE484471F5BBD64002E6EC7 /* AudioToolbox.framework */,
				2AE484481F5BBD64002E6EC7 /* CFNetwork.framework */,
				2AE484491F5BBD64002E6EC7 /* CoreGraphics.framework */,
				2AE4844A1F5BBD64002E6EC7 /* libsqlite3.tbd */,
				2AE4844B1F5BBD64002E6EC7 /* libz.tbd */,
				2AE4844C1F5BBD64002E6EC7 /* MobileCoreServices.framework */,
				2AE4844D1F5BBD64002E6EC7 /* QuartzCore.framework */,
				2AE4844E1F5BBD64002E6EC7 /* Security.framework */,
				2AE4844F1F5BBD64002E6EC7 /* StoreKit.framework */,
				2AE484501F5BBD64002E6EC7 /* SystemConfiguration.framework */,
				2A833B061F57F0980063FA88 /* Charts.framework */,
				326F96D68821862FD9F6F472 /* Pods_Gemini.framework */,
			);
			name = Frameworks;
			sourceTree = "<group>";
		};
/* End PBXGroup section */

/* Begin PBXNativeTarget section */
		2A4B6E9F1F4BD2F700B1CD3B /* Gemini */ = {
			isa = PBXNativeTarget;
			buildConfigurationList = 2A4B6EB51F4BD2F700B1CD3B /* Build configuration list for PBXNativeTarget "Gemini" */;
			buildPhases = (
				EBFCC4926D91ADAC39188D5B /* [CP] Check Pods Manifest.lock */,
				2A4B6E9C1F4BD2F700B1CD3B /* Sources */,
				2A4B6E9D1F4BD2F700B1CD3B /* Frameworks */,
				2A4B6E9E1F4BD2F700B1CD3B /* Resources */,
				335967961965639E6A9D14A7 /* [CP] Embed Pods Frameworks */,
				2A748E81273413238BEC1AF4 /* [CP] Copy Pods Resources */,
			);
			buildRules = (
			);
			dependencies = (
			);
			name = Gemini;
			productName = Gemini;
			productReference = 2A4B6EA01F4BD2F700B1CD3B /* Gemini.app */;
			productType = "com.apple.product-type.application";
		};
/* End PBXNativeTarget section */

/* Begin PBXProject section */
		2A4B6E981F4BD2F700B1CD3B /* Project object */ = {
			isa = PBXProject;
			attributes = {
				LastSwiftUpdateCheck = 0830;
				LastUpgradeCheck = 0830;
				ORGANIZATIONNAME = "Jordan Rosen-Kaplan";
				TargetAttributes = {
					2A4B6E9F1F4BD2F700B1CD3B = {
						CreatedOnToolsVersion = 8.3.3;
						LastSwiftMigration = 0830;
						ProvisioningStyle = Automatic;
					};
				};
			};
			buildConfigurationList = 2A4B6E9B1F4BD2F700B1CD3B /* Build configuration list for PBXProject "Gemini" */;
			compatibilityVersion = "Xcode 3.2";
			developmentRegion = English;
			hasScannedForEncodings = 0;
			knownRegions = (
				en,
				Base,
			);
			mainGroup = 2A4B6E971F4BD2F700B1CD3B;
			productRefGroup = 2A4B6EA11F4BD2F700B1CD3B /* Products */;
			projectDirPath = "";
			projectRoot = "";
			targets = (
				2A4B6E9F1F4BD2F700B1CD3B /* Gemini */,
			);
		};
/* End PBXProject section */

/* Begin PBXResourcesBuildPhase section */
		2A4B6E9E1F4BD2F700B1CD3B /* Resources */ = {
			isa = PBXResourcesBuildPhase;
			buildActionMask = 2147483647;
			files = (
				2A4B6EB11F4BD2F700B1CD3B /* LaunchScreen.storyboard in Resources */,
				2A4B6EAE1F4BD2F700B1CD3B /* Assets.xcassets in Resources */,
				2A4B6EA91F4BD2F700B1CD3B /* Main.storyboard in Resources */,
				2A9526641F51D6DD0058B764 /* CSVs in Resources */,
				2A5AA7861F4D50BB009140C0 /* CSwiftV-master in Resources */,
				2A5AA7821F4D4F6A009140C0 /* data in Resources */,
			);
			runOnlyForDeploymentPostprocessing = 0;
		};
/* End PBXResourcesBuildPhase section */

/* Begin PBXShellScriptBuildPhase section */
		2A748E81273413238BEC1AF4 /* [CP] Copy Pods Resources */ = {
			isa = PBXShellScriptBuildPhase;
			buildActionMask = 2147483647;
			files = (
			);
			inputPaths = (
			);
			name = "[CP] Copy Pods Resources";
			outputPaths = (
			);
			runOnlyForDeploymentPostprocessing = 0;
			shellPath = /bin/sh;
			shellScript = "\"${SRCROOT}/Pods/Target Support Files/Pods-Gemini/Pods-Gemini-resources.sh\"\n";
			showEnvVarsInLog = 0;
		};
		335967961965639E6A9D14A7 /* [CP] Embed Pods Frameworks */ = {
			isa = PBXShellScriptBuildPhase;
			buildActionMask = 2147483647;
			files = (
			);
			inputPaths = (
				"${SRCROOT}/Pods/Target Support Files/Pods-Gemini/Pods-Gemini-frameworks.sh",
				"${BUILT_PRODUCTS_DIR}/Bolts/Bolts.framework",
				"${BUILT_PRODUCTS_DIR}/Charts/Charts.framework",
				"${BUILT_PRODUCTS_DIR}/Parse/Parse.framework",
			);
			name = "[CP] Embed Pods Frameworks";
			outputPaths = (
				"${TARGET_BUILD_DIR}/${FRAMEWORKS_FOLDER_PATH}/Bolts.framework",
				"${TARGET_BUILD_DIR}/${FRAMEWORKS_FOLDER_PATH}/Charts.framework",
				"${TARGET_BUILD_DIR}/${FRAMEWORKS_FOLDER_PATH}/Parse.framework",
			);
			runOnlyForDeploymentPostprocessing = 0;
			shellPath = /bin/sh;
			shellScript = "\"${SRCROOT}/Pods/Target Support Files/Pods-Gemini/Pods-Gemini-frameworks.sh\"\n";
			showEnvVarsInLog = 0;
		};
		EBFCC4926D91ADAC39188D5B /* [CP] Check Pods Manifest.lock */ = {
			isa = PBXShellScriptBuildPhase;
			buildActionMask = 2147483647;
			files = (
			);
			inputPaths = (
				"${PODS_PODFILE_DIR_PATH}/Podfile.lock",
				"${PODS_ROOT}/Manifest.lock",
			);
			name = "[CP] Check Pods Manifest.lock";
			outputPaths = (
				"$(DERIVED_FILE_DIR)/Pods-Gemini-checkManifestLockResult.txt",
			);
			runOnlyForDeploymentPostprocessing = 0;
			shellPath = /bin/sh;
			shellScript = "diff \"${PODS_PODFILE_DIR_PATH}/Podfile.lock\" \"${PODS_ROOT}/Manifest.lock\" > /dev/null\nif [ $? != 0 ] ; then\n    # print error to STDERR\n    echo \"error: The sandbox is not in sync with the Podfile.lock. Run 'pod install' or update your CocoaPods installation.\" >&2\n    exit 1\nfi\n# This output is used by Xcode 'outputs' to avoid re-running this script phase.\necho \"SUCCESS\" > \"${SCRIPT_OUTPUT_FILE_0}\"\n";
			showEnvVarsInLog = 0;
		};
/* End PBXShellScriptBuildPhase section */

/* Begin PBXSourcesBuildPhase section */
		2A4B6E9C1F4BD2F700B1CD3B /* Sources */ = {
			isa = PBXSourcesBuildPhase;
			buildActionMask = 2147483647;
			files = (
				2A66E7071F52841B00F86CFE /* ZoneSpecsViewController.swift in Sources */,
				2A66E7051F527D9F00F86CFE /* FeatureTableViewController.swift in Sources */,
				2A4B6EAC1F4BD2F700B1CD3B /* Gemini.xcdatamodeld in Sources */,
				2A5AA77C1F4D36D2009140C0 /* PreauditDetailViewController.swift in Sources */,
				2A5AA78A1F4D60C2009140C0 /* auditheader.swift in Sources */,
				2A4B6EA61F4BD2F700B1CD3B /* ViewController.swift in Sources */,
				2A66E7031F5263A400F86CFE /* AuditInfoViewController.swift in Sources */,
				2A9526681F5206430058B764 /* AuditTableViewController.swift in Sources */,
				2A66E7091F52843200F86CFE /* SelectingFeatureViewController.swift in Sources */,
				2AE4845D1F5BBD91002E6EC7 /* ParseBridgingHeader.m in Sources */,
				2A95266A1F520EE80058B764 /* AuditDetailViewController.swift in Sources */,
				2A04C5FC1F5D168200360CC2 /* ExtraInfoViewController.swift in Sources */,
				2A4B6EA41F4BD2F700B1CD3B /* AppDelegate.swift in Sources */,
				2A81291B1F4CE01D009BCFB9 /* TableViewController.swift in Sources */,
				2A80053E1F5C8EFB009C080D /* BarChartViewController.swift in Sources */,
				2A5AA78F1F4D6256009140C0 /* CSwiftV.swift in Sources */,
				2A5AA78C1F4D60C7009140C0 /* roomheader.swift in Sources */,
			);
			runOnlyForDeploymentPostprocessing = 0;
		};
/* End PBXSourcesBuildPhase section */

/* Begin PBXVariantGroup section */
		2A4B6EA71F4BD2F700B1CD3B /* Main.storyboard */ = {
			isa = PBXVariantGroup;
			children = (
				2A4B6EA81F4BD2F700B1CD3B /* Base */,
			);
			name = Main.storyboard;
			sourceTree = "<group>";
		};
		2A4B6EAF1F4BD2F700B1CD3B /* LaunchScreen.storyboard */ = {
			isa = PBXVariantGroup;
			children = (
				2A4B6EB01F4BD2F700B1CD3B /* Base */,
			);
			name = LaunchScreen.storyboard;
			sourceTree = "<group>";
		};
/* End PBXVariantGroup section */

/* Begin XCBuildConfiguration section */
		2A4B6EB31F4BD2F700B1CD3B /* Debug */ = {
			isa = XCBuildConfiguration;
			buildSettings = {
				ALWAYS_SEARCH_USER_PATHS = NO;
				CLANG_ANALYZER_NONNULL = YES;
				CLANG_ANALYZER_NUMBER_OBJECT_CONVERSION = YES_AGGRESSIVE;
				CLANG_CXX_LANGUAGE_STANDARD = "gnu++0x";
				CLANG_CXX_LIBRARY = "libc++";
				CLANG_ENABLE_MODULES = YES;
				CLANG_ENABLE_OBJC_ARC = YES;
				CLANG_WARN_BOOL_CONVERSION = YES;
				CLANG_WARN_CONSTANT_CONVERSION = YES;
				CLANG_WARN_DIRECT_OBJC_ISA_USAGE = YES_ERROR;
				CLANG_WARN_DOCUMENTATION_COMMENTS = YES;
				CLANG_WARN_EMPTY_BODY = YES;
				CLANG_WARN_ENUM_CONVERSION = YES;
				CLANG_WARN_INFINITE_RECURSION = YES;
				CLANG_WARN_INT_CONVERSION = YES;
				CLANG_WARN_OBJC_ROOT_CLASS = YES_ERROR;
				CLANG_WARN_SUSPICIOUS_MOVE = YES;
				CLANG_WARN_UNREACHABLE_CODE = YES;
				CLANG_WARN__DUPLICATE_METHOD_MATCH = YES;
				"CODE_SIGN_IDENTITY[sdk=iphoneos*]" = "iPhone Developer";
				COPY_PHASE_STRIP = NO;
				DEBUG_INFORMATION_FORMAT = dwarf;
				ENABLE_STRICT_OBJC_MSGSEND = YES;
				ENABLE_TESTABILITY = YES;
				GCC_C_LANGUAGE_STANDARD = gnu99;
				GCC_DYNAMIC_NO_PIC = NO;
				GCC_NO_COMMON_BLOCKS = YES;
				GCC_OPTIMIZATION_LEVEL = 0;
				GCC_PREPROCESSOR_DEFINITIONS = (
					"DEBUG=1",
					"$(inherited)",
				);
				GCC_WARN_64_TO_32_BIT_CONVERSION = YES;
				GCC_WARN_ABOUT_RETURN_TYPE = YES_ERROR;
				GCC_WARN_UNDECLARED_SELECTOR = YES;
				GCC_WARN_UNINITIALIZED_AUTOS = YES_AGGRESSIVE;
				GCC_WARN_UNUSED_FUNCTION = YES;
				GCC_WARN_UNUSED_VARIABLE = YES;
				IPHONEOS_DEPLOYMENT_TARGET = 10.3;
				MTL_ENABLE_DEBUG_INFO = YES;
				ONLY_ACTIVE_ARCH = YES;
				SDKROOT = iphoneos;
				SWIFT_ACTIVE_COMPILATION_CONDITIONS = DEBUG;
				SWIFT_OPTIMIZATION_LEVEL = "-Onone";
			};
			name = Debug;
		};
		2A4B6EB41F4BD2F700B1CD3B /* Release */ = {
			isa = XCBuildConfiguration;
			buildSettings = {
				ALWAYS_SEARCH_USER_PATHS = NO;
				CLANG_ANALYZER_NONNULL = YES;
				CLANG_ANALYZER_NUMBER_OBJECT_CONVERSION = YES_AGGRESSIVE;
				CLANG_CXX_LANGUAGE_STANDARD = "gnu++0x";
				CLANG_CXX_LIBRARY = "libc++";
				CLANG_ENABLE_MODULES = YES;
				CLANG_ENABLE_OBJC_ARC = YES;
				CLANG_WARN_BOOL_CONVERSION = YES;
				CLANG_WARN_CONSTANT_CONVERSION = YES;
				CLANG_WARN_DIRECT_OBJC_ISA_USAGE = YES_ERROR;
				CLANG_WARN_DOCUMENTATION_COMMENTS = YES;
				CLANG_WARN_EMPTY_BODY = YES;
				CLANG_WARN_ENUM_CONVERSION = YES;
				CLANG_WARN_INFINITE_RECURSION = YES;
				CLANG_WARN_INT_CONVERSION = YES;
				CLANG_WARN_OBJC_ROOT_CLASS = YES_ERROR;
				CLANG_WARN_SUSPICIOUS_MOVE = YES;
				CLANG_WARN_UNREACHABLE_CODE = YES;
				CLANG_WARN__DUPLICATE_METHOD_MATCH = YES;
				"CODE_SIGN_IDENTITY[sdk=iphoneos*]" = "iPhone Developer";
				COPY_PHASE_STRIP = NO;
				DEBUG_INFORMATION_FORMAT = "dwarf-with-dsym";
				ENABLE_NS_ASSERTIONS = NO;
				ENABLE_STRICT_OBJC_MSGSEND = YES;
				GCC_C_LANGUAGE_STANDARD = gnu99;
				GCC_NO_COMMON_BLOCKS = YES;
				GCC_WARN_64_TO_32_BIT_CONVERSION = YES;
				GCC_WARN_ABOUT_RETURN_TYPE = YES_ERROR;
				GCC_WARN_UNDECLARED_SELECTOR = YES;
				GCC_WARN_UNINITIALIZED_AUTOS = YES_AGGRESSIVE;
				GCC_WARN_UNUSED_FUNCTION = YES;
				GCC_WARN_UNUSED_VARIABLE = YES;
				IPHONEOS_DEPLOYMENT_TARGET = 10.3;
				MTL_ENABLE_DEBUG_INFO = NO;
				SDKROOT = iphoneos;
				SWIFT_OPTIMIZATION_LEVEL = "-Owholemodule";
				VALIDATE_PRODUCT = YES;
			};
			name = Release;
		};
		2A4B6EB61F4BD2F700B1CD3B /* Debug */ = {
			isa = XCBuildConfiguration;
			baseConfigurationReference = C85EA35E6E46F92D2B9BBAC8 /* Pods-Gemini.debug.xcconfig */;
			buildSettings = {
				ASSETCATALOG_COMPILER_APPICON_NAME = AppIcon;
				CLANG_ENABLE_MODULES = YES;
				FRAMEWORK_SEARCH_PATHS = (
					"$(inherited)",
					"$(PROJECT_DIR)/Parse-macOS",
				);
				INFOPLIST_FILE = Gemini/Info.plist;
				IPHONEOS_DEPLOYMENT_TARGET = 10.1;
				LD_RUNPATH_SEARCH_PATHS = "$(inherited) @executable_path/Frameworks";
				PRODUCT_BUNDLE_IDENTIFIER = d.Gemini;
				PRODUCT_NAME = "$(TARGET_NAME)";
				SWIFT_OBJC_BRIDGING_HEADER = "Gemini/Gemini-Bridging-Header.h";
				SWIFT_OPTIMIZATION_LEVEL = "-Onone";
				SWIFT_VERSION = 3.0;
			};
			name = Debug;
		};
		2A4B6EB71F4BD2F700B1CD3B /* Release */ = {
			isa = XCBuildConfiguration;
			baseConfigurationReference = AD9B1B5C7D9FDB2BE69FBC6E /* Pods-Gemini.release.xcconfig */;
			buildSettings = {
				ASSETCATALOG_COMPILER_APPICON_NAME = AppIcon;
				CLANG_ENABLE_MODULES = YES;
				FRAMEWORK_SEARCH_PATHS = (
					"$(inherited)",
					"$(PROJECT_DIR)/Parse-macOS",
				);
				INFOPLIST_FILE = Gemini/Info.plist;
				IPHONEOS_DEPLOYMENT_TARGET = 10.1;
				LD_RUNPATH_SEARCH_PATHS = "$(inherited) @executable_path/Frameworks";
				PRODUCT_BUNDLE_IDENTIFIER = d.Gemini;
				PRODUCT_NAME = "$(TARGET_NAME)";
				SWIFT_OBJC_BRIDGING_HEADER = "Gemini/Gemini-Bridging-Header.h";
				SWIFT_VERSION = 3.0;
			};
			name = Release;
		};
/* End XCBuildConfiguration section */

/* Begin XCConfigurationList section */
		2A4B6E9B1F4BD2F700B1CD3B /* Build configuration list for PBXProject "Gemini" */ = {
			isa = XCConfigurationList;
			buildConfigurations = (
				2A4B6EB31F4BD2F700B1CD3B /* Debug */,
				2A4B6EB41F4BD2F700B1CD3B /* Release */,
			);
			defaultConfigurationIsVisible = 0;
			defaultConfigurationName = Release;
		};
		2A4B6EB51F4BD2F700B1CD3B /* Build configuration list for PBXNativeTarget "Gemini" */ = {
			isa = XCConfigurationList;
			buildConfigurations = (
				2A4B6EB61F4BD2F700B1CD3B /* Debug */,
				2A4B6EB71F4BD2F700B1CD3B /* Release */,
			);
			defaultConfigurationIsVisible = 0;
			defaultConfigurationName = Release;
		};
/* End XCConfigurationList section */

/* Begin XCVersionGroup section */
		2A4B6EAA1F4BD2F700B1CD3B /* Gemini.xcdatamodeld */ = {
			isa = XCVersionGroup;
			children = (
				2A4B6EAB1F4BD2F700B1CD3B /* Gemini.xcdatamodel */,
			);
			currentVersion = 2A4B6EAB1F4BD2F700B1CD3B /* Gemini.xcdatamodel */;
			path = Gemini.xcdatamodeld;
			sourceTree = "<group>";
			versionGroupType = wrapper.xcdatamodel;
		};
/* End XCVersionGroup section */
	};
	rootObject = 2A4B6E981F4BD2F700B1CD3B /* Project object */;
}
